// !$*UTF8*$!
{
	archiveVersion = 1;
	classes = {
	};
	objectVersion = 56;
	objects = {

/* Begin PBXBuildFile section */
		8F0849342CB5D1C100644244 /* KaraokeView.swift in Sources */ = {isa = PBXBuildFile; fileRef = 8F0849332CB5D1BD00644244 /* KaraokeView.swift */; };
		8F28FDC22AA25D2700439D8D /* Sparkle in Frameworks */ = {isa = PBXBuildFile; productRef = 8F28FDC12AA25D2700439D8D /* Sparkle */; };
		8F39ED8E2A78EB5900574203 /* lyricJsonStruct.swift in Sources */ = {isa = PBXBuildFile; fileRef = 8F39ED8D2A78EB5900574203 /* lyricJsonStruct.swift */; };
		8F4F49522A7EC32D00097888 /* (null) in Sources */ = {isa = PBXBuildFile; };
		8F4F495D2A7FB3D400097888 /* SongObject+CoreDataClass.swift in Sources */ = {isa = PBXBuildFile; fileRef = 8F4F495B2A7FB3D400097888 /* SongObject+CoreDataClass.swift */; };
		8F4F495E2A7FB3D400097888 /* SongObject+CoreDataProperties.swift in Sources */ = {isa = PBXBuildFile; fileRef = 8F4F495C2A7FB3D400097888 /* SongObject+CoreDataProperties.swift */; };
		8F58B8CF2C55AEB1009ADA1A /* FullscreenView.swift in Sources */ = {isa = PBXBuildFile; fileRef = 8F58B8CE2C55AEB1009ADA1A /* FullscreenView.swift */; };
		8F61B48C2C9FE6A100F23B84 /* ColorKit in Frameworks */ = {isa = PBXBuildFile; productRef = 8F61B48B2C9FE6A100F23B84 /* ColorKit */; };
		8F6BD2952A8A61C9008BBF88 /* AmplitudeSwift in Frameworks */ = {isa = PBXBuildFile; productRef = 8F6BD2942A8A61C9008BBF88 /* AmplitudeSwift */; };
		8F6BD2972A8A6278008BBF88 /* amplitudeKey.swift in Sources */ = {isa = PBXBuildFile; fileRef = 8F6BD2962A8A6278008BBF88 /* amplitudeKey.swift */; };
		8F6BD2992A8A6B7D008BBF88 /* viewModel.swift in Sources */ = {isa = PBXBuildFile; fileRef = 8F6BD2982A8A6B7D008BBF88 /* viewModel.swift */; };
		8F85A8222BBFD9F6004A774D /* AppleMusicScripting.swift in Sources */ = {isa = PBXBuildFile; fileRef = 8F85A8212BBFD9F6004A774D /* AppleMusicScripting.swift */; };
		8F89E1112C90DA4900F511EB /* LaunchAtLogin in Frameworks */ = {isa = PBXBuildFile; productRef = 8F89E1102C90DA4900F511EB /* LaunchAtLogin */; };
		8F9193D82CD1A2CA002B24DA /* FloatingPanel.swift in Sources */ = {isa = PBXBuildFile; fileRef = 8F9193D72CD1A2C7002B24DA /* FloatingPanel.swift */; };
		8FA436AE2BC49D480072016C /* newPermissionMac.gif in Resources */ = {isa = PBXBuildFile; fileRef = 8FA436AD2BC49D480072016C /* newPermissionMac.gif */; };
		8FBA5E042BEADEC9000E4DEF /* WebLoginView.swift in Sources */ = {isa = PBXBuildFile; fileRef = 8FBA5E032BEADEC9000E4DEF /* WebLoginView.swift */; };
		8FC8E9492A704EEB00F69915 /* SpotifyLyricsInMenubarApp.swift in Sources */ = {isa = PBXBuildFile; fileRef = 8FC8E9482A704EEB00F69915 /* SpotifyLyricsInMenubarApp.swift */; };
		8FC8E94D2A704EED00F69915 /* Assets.xcassets in Resources */ = {isa = PBXBuildFile; fileRef = 8FC8E94C2A704EED00F69915 /* Assets.xcassets */; };
		8FCFD1C32AE35DEA00B22023 /* spotifylogin.gif in Resources */ = {isa = PBXBuildFile; fileRef = 8FCFD1C22AE35DEA00B22023 /* spotifylogin.gif */; };
		8FE454282A8916C30039EFA7 /* SpotifyScripting.swift in Sources */ = {isa = PBXBuildFile; fileRef = 8FE454272A8916C30039EFA7 /* SpotifyScripting.swift */; };
		8FF59E2E2A798D2B00F0A382 /* Lyrics.xcdatamodeld in Sources */ = {isa = PBXBuildFile; fileRef = 8FF59E2C2A798D2B00F0A382 /* Lyrics.xcdatamodeld */; };
		8FF9ADA02C5B426C00A57A75 /* MulticolorGradientShader.metal in Sources */ = {isa = PBXBuildFile; fileRef = 8FF9AD9F2C5B426C00A57A75 /* MulticolorGradientShader.metal */; };
		8FF9ADA62C5B440B00A57A75 /* MulticolorGradient.swift in Sources */ = {isa = PBXBuildFile; fileRef = 8FF9ADA52C5B440B00A57A75 /* MulticolorGradient.swift */; };
		8FF9ADAB2C5B5E7500A57A75 /* ColorStop.swift in Sources */ = {isa = PBXBuildFile; fileRef = 8FF9ADA72C5B5E7500A57A75 /* ColorStop.swift */; };
		8FF9ADAC2C5B5E7500A57A75 /* GradientParams.swift in Sources */ = {isa = PBXBuildFile; fileRef = 8FF9ADA82C5B5E7500A57A75 /* GradientParams.swift */; };
		8FF9ADAD2C5B5E7500A57A75 /* Uniforms.swift in Sources */ = {isa = PBXBuildFile; fileRef = 8FF9ADA92C5B5E7500A57A75 /* Uniforms.swift */; };
		8FFA9F312AA1B1E600BAEC5C /* OnboardingWindow.swift in Sources */ = {isa = PBXBuildFile; fileRef = 8FFA9F302AA1B1E600BAEC5C /* OnboardingWindow.swift */; };
		8FFA9F342AA1B3CB00BAEC5C /* SDWebImageSwiftUI in Frameworks */ = {isa = PBXBuildFile; productRef = 8FFA9F332AA1B3CB00BAEC5C /* SDWebImageSwiftUI */; };
		8FFA9F382AA1B63500BAEC5C /* crossfade.gif in Resources */ = {isa = PBXBuildFile; fileRef = 8FFA9F362AA1B63500BAEC5C /* crossfade.gif */; };
/* End PBXBuildFile section */

/* Begin PBXFileReference section */
		8F0849332CB5D1BD00644244 /* KaraokeView.swift */ = {isa = PBXFileReference; lastKnownFileType = sourcecode.swift; path = KaraokeView.swift; sourceTree = "<group>"; };
		8F39ED8D2A78EB5900574203 /* lyricJsonStruct.swift */ = {isa = PBXFileReference; lastKnownFileType = sourcecode.swift; path = lyricJsonStruct.swift; sourceTree = "<group>"; };
		8F4F495B2A7FB3D400097888 /* SongObject+CoreDataClass.swift */ = {isa = PBXFileReference; lastKnownFileType = sourcecode.swift; path = "SongObject+CoreDataClass.swift"; sourceTree = "<group>"; };
		8F4F495C2A7FB3D400097888 /* SongObject+CoreDataProperties.swift */ = {isa = PBXFileReference; lastKnownFileType = sourcecode.swift; path = "SongObject+CoreDataProperties.swift"; sourceTree = "<group>"; };
		8F58B8CE2C55AEB1009ADA1A /* FullscreenView.swift */ = {isa = PBXFileReference; lastKnownFileType = sourcecode.swift; path = FullscreenView.swift; sourceTree = "<group>"; };
		8F6BD2962A8A6278008BBF88 /* amplitudeKey.swift */ = {isa = PBXFileReference; lastKnownFileType = sourcecode.swift; path = amplitudeKey.swift; sourceTree = "<group>"; };
		8F6BD2982A8A6B7D008BBF88 /* viewModel.swift */ = {isa = PBXFileReference; lastKnownFileType = sourcecode.swift; path = viewModel.swift; sourceTree = "<group>"; };
		8F85A8212BBFD9F6004A774D /* AppleMusicScripting.swift */ = {isa = PBXFileReference; lastKnownFileType = sourcecode.swift; path = AppleMusicScripting.swift; sourceTree = "<group>"; };
		8F9193D72CD1A2C7002B24DA /* FloatingPanel.swift */ = {isa = PBXFileReference; lastKnownFileType = sourcecode.swift; path = FloatingPanel.swift; sourceTree = "<group>"; };
		8FA436AD2BC49D480072016C /* newPermissionMac.gif */ = {isa = PBXFileReference; lastKnownFileType = image.gif; path = newPermissionMac.gif; sourceTree = "<group>"; };
		8FBA5E032BEADEC9000E4DEF /* WebLoginView.swift */ = {isa = PBXFileReference; lastKnownFileType = sourcecode.swift; path = WebLoginView.swift; sourceTree = "<group>"; };
		8FC8E9452A704EEB00F69915 /* Lyric Fever.app */ = {isa = PBXFileReference; explicitFileType = wrapper.application; includeInIndex = 0; path = "Lyric Fever.app"; sourceTree = BUILT_PRODUCTS_DIR; };
		8FC8E9482A704EEB00F69915 /* SpotifyLyricsInMenubarApp.swift */ = {isa = PBXFileReference; lastKnownFileType = sourcecode.swift; path = SpotifyLyricsInMenubarApp.swift; sourceTree = "<group>"; };
		8FC8E94C2A704EED00F69915 /* Assets.xcassets */ = {isa = PBXFileReference; lastKnownFileType = folder.assetcatalog; path = Assets.xcassets; sourceTree = "<group>"; };
		8FC8E9512A704EED00F69915 /* SpotifyLyricsInMenubar.entitlements */ = {isa = PBXFileReference; lastKnownFileType = text.plist.entitlements; path = SpotifyLyricsInMenubar.entitlements; sourceTree = "<group>"; };
		8FCFD1C22AE35DEA00B22023 /* spotifylogin.gif */ = {isa = PBXFileReference; lastKnownFileType = image.gif; path = spotifylogin.gif; sourceTree = "<group>"; };
		8FE454272A8916C30039EFA7 /* SpotifyScripting.swift */ = {isa = PBXFileReference; lastKnownFileType = sourcecode.swift; path = SpotifyScripting.swift; sourceTree = "<group>"; };
		8FE454292A891EBD0039EFA7 /* Info.plist */ = {isa = PBXFileReference; lastKnownFileType = text.plist; path = Info.plist; sourceTree = "<group>"; };
		8FF59E2D2A798D2B00F0A382 /* Lyrics.xcdatamodel */ = {isa = PBXFileReference; lastKnownFileType = wrapper.xcdatamodel; path = Lyrics.xcdatamodel; sourceTree = "<group>"; };
		8FF9AD9F2C5B426C00A57A75 /* MulticolorGradientShader.metal */ = {isa = PBXFileReference; lastKnownFileType = sourcecode.metal; path = MulticolorGradientShader.metal; sourceTree = "<group>"; };
		8FF9ADA52C5B440B00A57A75 /* MulticolorGradient.swift */ = {isa = PBXFileReference; fileEncoding = 4; lastKnownFileType = sourcecode.swift; path = MulticolorGradient.swift; sourceTree = "<group>"; };
		8FF9ADA72C5B5E7500A57A75 /* ColorStop.swift */ = {isa = PBXFileReference; fileEncoding = 4; lastKnownFileType = sourcecode.swift; path = ColorStop.swift; sourceTree = "<group>"; };
		8FF9ADA82C5B5E7500A57A75 /* GradientParams.swift */ = {isa = PBXFileReference; fileEncoding = 4; lastKnownFileType = sourcecode.swift; path = GradientParams.swift; sourceTree = "<group>"; };
		8FF9ADA92C5B5E7500A57A75 /* Uniforms.swift */ = {isa = PBXFileReference; fileEncoding = 4; lastKnownFileType = sourcecode.swift; path = Uniforms.swift; sourceTree = "<group>"; };
		8FFA9F302AA1B1E600BAEC5C /* OnboardingWindow.swift */ = {isa = PBXFileReference; lastKnownFileType = sourcecode.swift; path = OnboardingWindow.swift; sourceTree = "<group>"; };
		8FFA9F362AA1B63500BAEC5C /* crossfade.gif */ = {isa = PBXFileReference; lastKnownFileType = image.gif; path = crossfade.gif; sourceTree = "<group>"; };
/* End PBXFileReference section */

/* Begin PBXFrameworksBuildPhase section */
		8FC8E9422A704EEB00F69915 /* Frameworks */ = {
			isa = PBXFrameworksBuildPhase;
			buildActionMask = 2147483647;
			files = (
				8F28FDC22AA25D2700439D8D /* Sparkle in Frameworks */,
				8FFA9F342AA1B3CB00BAEC5C /* SDWebImageSwiftUI in Frameworks */,
				8F89E1112C90DA4900F511EB /* LaunchAtLogin in Frameworks */,
				8F6BD2952A8A61C9008BBF88 /* AmplitudeSwift in Frameworks */,
				8F61B48C2C9FE6A100F23B84 /* ColorKit in Frameworks */,
			);
			runOnlyForDeploymentPostprocessing = 0;
		};
/* End PBXFrameworksBuildPhase section */

/* Begin PBXGroup section */
		8FC1F4E42A7969C70043D92A /* Frameworks */ = {
			isa = PBXGroup;
			children = (
			);
			name = Frameworks;
			sourceTree = "<group>";
		};
		8FC8E93C2A704EEB00F69915 = {
			isa = PBXGroup;
			children = (
				8F4F495B2A7FB3D400097888 /* SongObject+CoreDataClass.swift */,
				8FCFD1C22AE35DEA00B22023 /* spotifylogin.gif */,
				8FFA9F362AA1B63500BAEC5C /* crossfade.gif */,
				8FA436AD2BC49D480072016C /* newPermissionMac.gif */,
				8F4F495C2A7FB3D400097888 /* SongObject+CoreDataProperties.swift */,
				8FC8E9472A704EEB00F69915 /* SpotifyLyricsInMenubar */,
				8FC8E9462A704EEB00F69915 /* Products */,
				8FC1F4E42A7969C70043D92A /* Frameworks */,
			);
			sourceTree = "<group>";
		};
		8FC8E9462A704EEB00F69915 /* Products */ = {
			isa = PBXGroup;
			children = (
				8FC8E9452A704EEB00F69915 /* Lyric Fever.app */,
			);
			name = Products;
			sourceTree = "<group>";
		};
		8FC8E9472A704EEB00F69915 /* SpotifyLyricsInMenubar */ = {
			isa = PBXGroup;
			children = (
				8FF9AD9E2C5B426C00A57A75 /* Shaders */,
				8FE454292A891EBD0039EFA7 /* Info.plist */,
				8FC8E9482A704EEB00F69915 /* SpotifyLyricsInMenubarApp.swift */,
				8F9193D72CD1A2C7002B24DA /* FloatingPanel.swift */,
				8FF9ADAA2C5B5E7500A57A75 /* Model */,
				8FFA9F302AA1B1E600BAEC5C /* OnboardingWindow.swift */,
				8FBA5E032BEADEC9000E4DEF /* WebLoginView.swift */,
				8F6BD2982A8A6B7D008BBF88 /* viewModel.swift */,
				8FF9ADA52C5B440B00A57A75 /* MulticolorGradient.swift */,
				8F6BD2962A8A6278008BBF88 /* amplitudeKey.swift */,
				8FF59E2C2A798D2B00F0A382 /* Lyrics.xcdatamodeld */,
				8F39ED8D2A78EB5900574203 /* lyricJsonStruct.swift */,
				8FC8E94C2A704EED00F69915 /* Assets.xcassets */,
				8FC8E9512A704EED00F69915 /* SpotifyLyricsInMenubar.entitlements */,
				8FE454272A8916C30039EFA7 /* SpotifyScripting.swift */,
				8F85A8212BBFD9F6004A774D /* AppleMusicScripting.swift */,
				8F58B8CE2C55AEB1009ADA1A /* FullscreenView.swift */,
				8F0849332CB5D1BD00644244 /* KaraokeView.swift */,
			);
			path = SpotifyLyricsInMenubar;
			sourceTree = "<group>";
		};
		8FF9AD9E2C5B426C00A57A75 /* Shaders */ = {
			isa = PBXGroup;
			children = (
				8FF9AD9F2C5B426C00A57A75 /* MulticolorGradientShader.metal */,
			);
			path = Shaders;
			sourceTree = "<group>";
		};
		8FF9ADAA2C5B5E7500A57A75 /* Model */ = {
			isa = PBXGroup;
			children = (
				8FF9ADA72C5B5E7500A57A75 /* ColorStop.swift */,
				8FF9ADA82C5B5E7500A57A75 /* GradientParams.swift */,
				8FF9ADA92C5B5E7500A57A75 /* Uniforms.swift */,
			);
			path = Model;
			sourceTree = "<group>";
		};
/* End PBXGroup section */

/* Begin PBXNativeTarget section */
		8FC8E9442A704EEB00F69915 /* Lyric Fever */ = {
			isa = PBXNativeTarget;
			buildConfigurationList = 8FC8E9542A704EED00F69915 /* Build configuration list for PBXNativeTarget "Lyric Fever" */;
			buildPhases = (
				8FC8E9412A704EEB00F69915 /* Sources */,
				8FC8E9422A704EEB00F69915 /* Frameworks */,
				8FC8E9432A704EEB00F69915 /* Resources */,
			);
			buildRules = (
			);
			dependencies = (
			);
			name = "Lyric Fever";
			packageProductDependencies = (
				8F6BD2942A8A61C9008BBF88 /* AmplitudeSwift */,
				8FFA9F332AA1B3CB00BAEC5C /* SDWebImageSwiftUI */,
				8F28FDC12AA25D2700439D8D /* Sparkle */,
				8F61B48B2C9FE6A100F23B84 /* ColorKit */,
				8F89E1102C90DA4900F511EB /* LaunchAtLogin */,
			);
			productName = SpotifyLyricsInMenubar;
			productReference = 8FC8E9452A704EEB00F69915 /* Lyric Fever.app */;
			productType = "com.apple.product-type.application";
		};
/* End PBXNativeTarget section */

/* Begin PBXProject section */
		8FC8E93D2A704EEB00F69915 /* Project object */ = {
			isa = PBXProject;
			attributes = {
				BuildIndependentTargetsInParallel = 1;
				LastSwiftUpdateCheck = 1500;
				LastUpgradeCheck = 1500;
				TargetAttributes = {
					8FC8E9442A704EEB00F69915 = {
						CreatedOnToolsVersion = 15.0;
					};
				};
			};
			buildConfigurationList = 8FC8E9402A704EEB00F69915 /* Build configuration list for PBXProject "Lyric Fever" */;
			compatibilityVersion = "Xcode 14.0";
			developmentRegion = en;
			hasScannedForEncodings = 0;
			knownRegions = (
				en,
				Base,
			);
			mainGroup = 8FC8E93C2A704EEB00F69915;
			packageReferences = (
				8F6BD2932A8A61C8008BBF88 /* XCRemoteSwiftPackageReference "Amplitude-Swift" */,
				8FFA9F322AA1B3CB00BAEC5C /* XCRemoteSwiftPackageReference "SDWebImageSwiftUI" */,
				8F28FDC02AA25D2700439D8D /* XCRemoteSwiftPackageReference "Sparkle" */,
				8F61B48A2C9FE6A100F23B84 /* XCRemoteSwiftPackageReference "ColorKit-macOS" */,
				8F89E10F2C90DA4900F511EB /* XCRemoteSwiftPackageReference "LaunchAtLogin-Modern" */,
			);
			productRefGroup = 8FC8E9462A704EEB00F69915 /* Products */;
			projectDirPath = "";
			projectRoot = "";
			targets = (
				8FC8E9442A704EEB00F69915 /* Lyric Fever */,
			);
		};
/* End PBXProject section */

/* Begin PBXResourcesBuildPhase section */
		8FC8E9432A704EEB00F69915 /* Resources */ = {
			isa = PBXResourcesBuildPhase;
			buildActionMask = 2147483647;
			files = (
				8FA436AE2BC49D480072016C /* newPermissionMac.gif in Resources */,
				8FC8E94D2A704EED00F69915 /* Assets.xcassets in Resources */,
				8FFA9F382AA1B63500BAEC5C /* crossfade.gif in Resources */,
				8FCFD1C32AE35DEA00B22023 /* spotifylogin.gif in Resources */,
			);
			runOnlyForDeploymentPostprocessing = 0;
		};
/* End PBXResourcesBuildPhase section */

/* Begin PBXSourcesBuildPhase section */
		8FC8E9412A704EEB00F69915 /* Sources */ = {
			isa = PBXSourcesBuildPhase;
			buildActionMask = 2147483647;
			files = (
				8FF59E2E2A798D2B00F0A382 /* Lyrics.xcdatamodeld in Sources */,
				8F6BD2972A8A6278008BBF88 /* amplitudeKey.swift in Sources */,
				8F4F49522A7EC32D00097888 /* (null) in Sources */,
				8FBA5E042BEADEC9000E4DEF /* WebLoginView.swift in Sources */,
				8F4F495D2A7FB3D400097888 /* SongObject+CoreDataClass.swift in Sources */,
				8FF9ADA62C5B440B00A57A75 /* MulticolorGradient.swift in Sources */,
				8F9193D82CD1A2CA002B24DA /* FloatingPanel.swift in Sources */,
				8F39ED8E2A78EB5900574203 /* lyricJsonStruct.swift in Sources */,
				8F0849342CB5D1C100644244 /* KaraokeView.swift in Sources */,
				8F6BD2992A8A6B7D008BBF88 /* viewModel.swift in Sources */,
				8FC8E9492A704EEB00F69915 /* SpotifyLyricsInMenubarApp.swift in Sources */,
				8F85A8222BBFD9F6004A774D /* AppleMusicScripting.swift in Sources */,
				8FE454282A8916C30039EFA7 /* SpotifyScripting.swift in Sources */,
				8FF9ADAC2C5B5E7500A57A75 /* GradientParams.swift in Sources */,
				8FF9ADA02C5B426C00A57A75 /* MulticolorGradientShader.metal in Sources */,
				8FFA9F312AA1B1E600BAEC5C /* OnboardingWindow.swift in Sources */,
				8F4F495E2A7FB3D400097888 /* SongObject+CoreDataProperties.swift in Sources */,
				8F58B8CF2C55AEB1009ADA1A /* FullscreenView.swift in Sources */,
				8FF9ADAD2C5B5E7500A57A75 /* Uniforms.swift in Sources */,
				8FF9ADAB2C5B5E7500A57A75 /* ColorStop.swift in Sources */,
			);
			runOnlyForDeploymentPostprocessing = 0;
		};
/* End PBXSourcesBuildPhase section */

/* Begin XCBuildConfiguration section */
		8FC8E9522A704EED00F69915 /* Debug */ = {
			isa = XCBuildConfiguration;
			buildSettings = {
				ALWAYS_SEARCH_USER_PATHS = NO;
				ASSETCATALOG_COMPILER_GENERATE_SWIFT_ASSET_SYMBOL_EXTENSIONS = YES;
				CLANG_ANALYZER_NONNULL = YES;
				CLANG_ANALYZER_NUMBER_OBJECT_CONVERSION = YES_AGGRESSIVE;
				CLANG_CXX_LANGUAGE_STANDARD = "gnu++20";
				CLANG_ENABLE_MODULES = YES;
				CLANG_ENABLE_OBJC_ARC = YES;
				CLANG_ENABLE_OBJC_WEAK = YES;
				CLANG_WARN_BLOCK_CAPTURE_AUTORELEASING = YES;
				CLANG_WARN_BOOL_CONVERSION = YES;
				CLANG_WARN_COMMA = YES;
				CLANG_WARN_CONSTANT_CONVERSION = YES;
				CLANG_WARN_DEPRECATED_OBJC_IMPLEMENTATIONS = YES;
				CLANG_WARN_DIRECT_OBJC_ISA_USAGE = YES_ERROR;
				CLANG_WARN_DOCUMENTATION_COMMENTS = YES;
				CLANG_WARN_EMPTY_BODY = YES;
				CLANG_WARN_ENUM_CONVERSION = YES;
				CLANG_WARN_INFINITE_RECURSION = YES;
				CLANG_WARN_INT_CONVERSION = YES;
				CLANG_WARN_NON_LITERAL_NULL_CONVERSION = YES;
				CLANG_WARN_OBJC_IMPLICIT_RETAIN_SELF = YES;
				CLANG_WARN_OBJC_LITERAL_CONVERSION = YES;
				CLANG_WARN_OBJC_ROOT_CLASS = YES_ERROR;
				CLANG_WARN_QUOTED_INCLUDE_IN_FRAMEWORK_HEADER = YES;
				CLANG_WARN_RANGE_LOOP_ANALYSIS = YES;
				CLANG_WARN_STRICT_PROTOTYPES = YES;
				CLANG_WARN_SUSPICIOUS_MOVE = YES;
				CLANG_WARN_UNGUARDED_AVAILABILITY = YES_AGGRESSIVE;
				CLANG_WARN_UNREACHABLE_CODE = YES;
				CLANG_WARN__DUPLICATE_METHOD_MATCH = YES;
				COPY_PHASE_STRIP = NO;
				DEBUG_INFORMATION_FORMAT = dwarf;
				ENABLE_APP_SANDBOX = YES;
				ENABLE_STRICT_OBJC_MSGSEND = YES;
				ENABLE_TESTABILITY = YES;
				ENABLE_USER_SCRIPT_SANDBOXING = YES;
				GCC_C_LANGUAGE_STANDARD = gnu17;
				GCC_DYNAMIC_NO_PIC = NO;
				GCC_NO_COMMON_BLOCKS = YES;
				GCC_OPTIMIZATION_LEVEL = 0;
				GCC_PREPROCESSOR_DEFINITIONS = (
					"DEBUG=1",
					"$(inherited)",
				);
				GCC_WARN_64_TO_32_BIT_CONVERSION = YES;
				GCC_WARN_ABOUT_RETURN_TYPE = YES_ERROR;
				GCC_WARN_UNDECLARED_SELECTOR = YES;
				GCC_WARN_UNINITIALIZED_AUTOS = YES_AGGRESSIVE;
				GCC_WARN_UNUSED_FUNCTION = YES;
				GCC_WARN_UNUSED_VARIABLE = YES;
				LOCALIZATION_PREFERS_STRING_CATALOGS = YES;
				MACOSX_DEPLOYMENT_TARGET = 13.0;
				MTL_ENABLE_DEBUG_INFO = INCLUDE_SOURCE;
				MTL_FAST_MATH = YES;
				ONLY_ACTIVE_ARCH = YES;
				SDKROOT = macosx;
				SWIFT_ACTIVE_COMPILATION_CONDITIONS = "DEBUG $(inherited)";
				SWIFT_OPTIMIZATION_LEVEL = "-Onone";
			};
			name = Debug;
		};
		8FC8E9532A704EED00F69915 /* Release */ = {
			isa = XCBuildConfiguration;
			buildSettings = {
				ALWAYS_SEARCH_USER_PATHS = NO;
				ASSETCATALOG_COMPILER_GENERATE_SWIFT_ASSET_SYMBOL_EXTENSIONS = YES;
				CLANG_ANALYZER_NONNULL = YES;
				CLANG_ANALYZER_NUMBER_OBJECT_CONVERSION = YES_AGGRESSIVE;
				CLANG_CXX_LANGUAGE_STANDARD = "gnu++20";
				CLANG_ENABLE_MODULES = YES;
				CLANG_ENABLE_OBJC_ARC = YES;
				CLANG_ENABLE_OBJC_WEAK = YES;
				CLANG_WARN_BLOCK_CAPTURE_AUTORELEASING = YES;
				CLANG_WARN_BOOL_CONVERSION = YES;
				CLANG_WARN_COMMA = YES;
				CLANG_WARN_CONSTANT_CONVERSION = YES;
				CLANG_WARN_DEPRECATED_OBJC_IMPLEMENTATIONS = YES;
				CLANG_WARN_DIRECT_OBJC_ISA_USAGE = YES_ERROR;
				CLANG_WARN_DOCUMENTATION_COMMENTS = YES;
				CLANG_WARN_EMPTY_BODY = YES;
				CLANG_WARN_ENUM_CONVERSION = YES;
				CLANG_WARN_INFINITE_RECURSION = YES;
				CLANG_WARN_INT_CONVERSION = YES;
				CLANG_WARN_NON_LITERAL_NULL_CONVERSION = YES;
				CLANG_WARN_OBJC_IMPLICIT_RETAIN_SELF = YES;
				CLANG_WARN_OBJC_LITERAL_CONVERSION = YES;
				CLANG_WARN_OBJC_ROOT_CLASS = YES_ERROR;
				CLANG_WARN_QUOTED_INCLUDE_IN_FRAMEWORK_HEADER = YES;
				CLANG_WARN_RANGE_LOOP_ANALYSIS = YES;
				CLANG_WARN_STRICT_PROTOTYPES = YES;
				CLANG_WARN_SUSPICIOUS_MOVE = YES;
				CLANG_WARN_UNGUARDED_AVAILABILITY = YES_AGGRESSIVE;
				CLANG_WARN_UNREACHABLE_CODE = YES;
				CLANG_WARN__DUPLICATE_METHOD_MATCH = YES;
				COPY_PHASE_STRIP = NO;
				DEBUG_INFORMATION_FORMAT = "dwarf-with-dsym";
				ENABLE_APP_SANDBOX = YES;
				ENABLE_NS_ASSERTIONS = NO;
				ENABLE_STRICT_OBJC_MSGSEND = YES;
				ENABLE_USER_SCRIPT_SANDBOXING = YES;
				GCC_C_LANGUAGE_STANDARD = gnu17;
				GCC_NO_COMMON_BLOCKS = YES;
				GCC_WARN_64_TO_32_BIT_CONVERSION = YES;
				GCC_WARN_ABOUT_RETURN_TYPE = YES_ERROR;
				GCC_WARN_UNDECLARED_SELECTOR = YES;
				GCC_WARN_UNINITIALIZED_AUTOS = YES_AGGRESSIVE;
				GCC_WARN_UNUSED_FUNCTION = YES;
				GCC_WARN_UNUSED_VARIABLE = YES;
				LOCALIZATION_PREFERS_STRING_CATALOGS = YES;
				MACOSX_DEPLOYMENT_TARGET = 13.0;
				MTL_ENABLE_DEBUG_INFO = NO;
				MTL_FAST_MATH = YES;
				SDKROOT = macosx;
				SWIFT_COMPILATION_MODE = wholemodule;
			};
			name = Release;
		};
		8FC8E9552A704EED00F69915 /* Debug */ = {
			isa = XCBuildConfiguration;
			buildSettings = {
				ASSETCATALOG_COMPILER_APPICON_NAME = AppIcon;
				ASSETCATALOG_COMPILER_GLOBAL_ACCENT_COLOR_NAME = AccentColor;
				CODE_SIGN_ENTITLEMENTS = SpotifyLyricsInMenubar/SpotifyLyricsInMenubar.entitlements;
				"CODE_SIGN_IDENTITY[sdk=macosx*]" = "Apple Development";
				CODE_SIGN_STYLE = Automatic;
				COMBINE_HIDPI_IMAGES = YES;
				CURRENT_PROJECT_VERSION = 1.9;
				DEVELOPMENT_ASSET_PATHS = "";
				DEVELOPMENT_TEAM = 38TP6LZLJ5;
				ENABLE_APP_SANDBOX = YES;
				ENABLE_HARDENED_RUNTIME = YES;
				ENABLE_PREVIEWS = YES;
				ENABLE_USER_SCRIPT_SANDBOXING = YES;
				GENERATE_INFOPLIST_FILE = YES;
				INFOPLIST_FILE = SpotifyLyricsInMenubar/Info.plist;
				INFOPLIST_KEY_CFBundleDisplayName = "Lyric Fever";
				INFOPLIST_KEY_LSApplicationCategoryType = "public.app-category.music";
				INFOPLIST_KEY_LSUIElement = YES;
				INFOPLIST_KEY_NSAppleEventsUsageDescription = "I need to access Spotify / Apple Music to play the lyrics properly.";
				INFOPLIST_KEY_NSHumanReadableCopyright = "";
				LD_RUNPATH_SEARCH_PATHS = (
					"$(inherited)",
					"@executable_path/../Frameworks",
				);
				MACOSX_DEPLOYMENT_TARGET = 13;
				MARKETING_VERSION = 1.9;
				PRODUCT_BUNDLE_IDENTIFIER = com.aviwadhwa.SpotifyLyricsInMenubar;
				PRODUCT_NAME = "$(TARGET_NAME)";
				SWIFT_EMIT_LOC_STRINGS = YES;
				SWIFT_VERSION = 5.0;
			};
			name = Debug;
		};
		8FC8E9562A704EED00F69915 /* Release */ = {
			isa = XCBuildConfiguration;
			buildSettings = {
				ASSETCATALOG_COMPILER_APPICON_NAME = AppIcon;
				ASSETCATALOG_COMPILER_GLOBAL_ACCENT_COLOR_NAME = AccentColor;
				CODE_SIGN_ENTITLEMENTS = SpotifyLyricsInMenubar/SpotifyLyricsInMenubar.entitlements;
				"CODE_SIGN_IDENTITY[sdk=macosx*]" = "Apple Development";
				CODE_SIGN_STYLE = Automatic;
				COMBINE_HIDPI_IMAGES = YES;
				CURRENT_PROJECT_VERSION = 1.9;
				DEVELOPMENT_ASSET_PATHS = "";
				DEVELOPMENT_TEAM = 38TP6LZLJ5;
				ENABLE_APP_SANDBOX = YES;
				ENABLE_HARDENED_RUNTIME = YES;
				ENABLE_PREVIEWS = YES;
				ENABLE_USER_SCRIPT_SANDBOXING = YES;
				GENERATE_INFOPLIST_FILE = YES;
				INFOPLIST_FILE = SpotifyLyricsInMenubar/Info.plist;
				INFOPLIST_KEY_CFBundleDisplayName = "Lyric Fever";
				INFOPLIST_KEY_LSApplicationCategoryType = "public.app-category.music";
				INFOPLIST_KEY_LSUIElement = YES;
				INFOPLIST_KEY_NSAppleEventsUsageDescription = "I need to access Spotify / Apple Music to play the lyrics properly.";
				INFOPLIST_KEY_NSHumanReadableCopyright = "";
				LD_RUNPATH_SEARCH_PATHS = (
					"$(inherited)",
					"@executable_path/../Frameworks",
				);
				MACOSX_DEPLOYMENT_TARGET = 13;
				MARKETING_VERSION = 1.9;
				PRODUCT_BUNDLE_IDENTIFIER = com.aviwadhwa.SpotifyLyricsInMenubar;
				PRODUCT_NAME = "$(TARGET_NAME)";
				SWIFT_EMIT_LOC_STRINGS = YES;
				SWIFT_VERSION = 5.0;
			};
			name = Release;
		};
/* End XCBuildConfiguration section */

/* Begin XCConfigurationList section */
		8FC8E9402A704EEB00F69915 /* Build configuration list for PBXProject "Lyric Fever" */ = {
			isa = XCConfigurationList;
			buildConfigurations = (
				8FC8E9522A704EED00F69915 /* Debug */,
				8FC8E9532A704EED00F69915 /* Release */,
			);
			defaultConfigurationIsVisible = 0;
			defaultConfigurationName = Release;
		};
		8FC8E9542A704EED00F69915 /* Build configuration list for PBXNativeTarget "Lyric Fever" */ = {
			isa = XCConfigurationList;
			buildConfigurations = (
				8FC8E9552A704EED00F69915 /* Debug */,
				8FC8E9562A704EED00F69915 /* Release */,
			);
			defaultConfigurationIsVisible = 0;
			defaultConfigurationName = Release;
		};
/* End XCConfigurationList section */

/* Begin XCRemoteSwiftPackageReference section */
		8F28FDC02AA25D2700439D8D /* XCRemoteSwiftPackageReference "Sparkle" */ = {
			isa = XCRemoteSwiftPackageReference;
			repositoryURL = "https://github.com/sparkle-project/Sparkle";
			requirement = {
				kind = upToNextMajorVersion;
				minimumVersion = 2.4.2;
			};
		};
		8F61B48A2C9FE6A100F23B84 /* XCRemoteSwiftPackageReference "ColorKit-macOS" */ = {
			isa = XCRemoteSwiftPackageReference;
			repositoryURL = "https://github.com/aviwad/ColorKit-macOS";
			requirement = {
				branch = master;
				kind = branch;
			};
		};
		8F6BD2932A8A61C8008BBF88 /* XCRemoteSwiftPackageReference "Amplitude-Swift" */ = {
			isa = XCRemoteSwiftPackageReference;
			repositoryURL = "https://github.com/amplitude/Amplitude-Swift";
			requirement = {
				branch = main;
				kind = branch;
			};
		};
		8F89E10F2C90DA4900F511EB /* XCRemoteSwiftPackageReference "LaunchAtLogin-Modern" */ = {
			isa = XCRemoteSwiftPackageReference;
			repositoryURL = "https://github.com/sindresorhus/LaunchAtLogin-Modern";
			requirement = {
				branch = main;
				kind = branch;
			};
		};
		8FFA9F322AA1B3CB00BAEC5C /* XCRemoteSwiftPackageReference "SDWebImageSwiftUI" */ = {
			isa = XCRemoteSwiftPackageReference;
			repositoryURL = "https://github.com/SDWebImage/SDWebImageSwiftUI.git";
			requirement = {
				branch = master;
				kind = branch;
			};
		};
/* End XCRemoteSwiftPackageReference section */

/* Begin XCSwiftPackageProductDependency section */
		8F28FDC12AA25D2700439D8D /* Sparkle */ = {
			isa = XCSwiftPackageProductDependency;
			package = 8F28FDC02AA25D2700439D8D /* XCRemoteSwiftPackageReference "Sparkle" */;
			productName = Sparkle;
		};
		8F61B48B2C9FE6A100F23B84 /* ColorKit */ = {
			isa = XCSwiftPackageProductDependency;
			package = 8F61B48A2C9FE6A100F23B84 /* XCRemoteSwiftPackageReference "ColorKit-macOS" */;
			productName = ColorKit;
		};
		8F6BD2942A8A61C9008BBF88 /* AmplitudeSwift */ = {
			isa = XCSwiftPackageProductDependency;
			package = 8F6BD2932A8A61C8008BBF88 /* XCRemoteSwiftPackageReference "Amplitude-Swift" */;
			productName = AmplitudeSwift;
		};
		8F89E1102C90DA4900F511EB /* LaunchAtLogin */ = {
			isa = XCSwiftPackageProductDependency;
			package = 8F89E10F2C90DA4900F511EB /* XCRemoteSwiftPackageReference "LaunchAtLogin-Modern" */;
			productName = LaunchAtLogin;
		};
		8FFA9F332AA1B3CB00BAEC5C /* SDWebImageSwiftUI */ = {
			isa = XCSwiftPackageProductDependency;
			package = 8FFA9F322AA1B3CB00BAEC5C /* XCRemoteSwiftPackageReference "SDWebImageSwiftUI" */;
			productName = SDWebImageSwiftUI;
		};
/* End XCSwiftPackageProductDependency section */

/* Begin XCVersionGroup section */
		8FF59E2C2A798D2B00F0A382 /* Lyrics.xcdatamodeld */ = {
			isa = XCVersionGroup;
			children = (
				8FF59E2D2A798D2B00F0A382 /* Lyrics.xcdatamodel */,
			);
			currentVersion = 8FF59E2D2A798D2B00F0A382 /* Lyrics.xcdatamodel */;
			path = Lyrics.xcdatamodeld;
			sourceTree = "<group>";
			versionGroupType = wrapper.xcdatamodel;
		};
/* End XCVersionGroup section */
	};
	rootObject = 8FC8E93D2A704EEB00F69915 /* Project object */;
}
