// !$*UTF8*$!
{
	archiveVersion = 1;
	classes = {
	};
	objectVersion = 56;
	objects = {

/* Begin PBXBuildFile section */
		8F39ED8E2A78EB5900574203 /* lyricJsonStruct.swift in Sources */ = {isa = PBXBuildFile; fileRef = 8F39ED8D2A78EB5900574203 /* lyricJsonStruct.swift */; };
		8F4F494F2A7EC30400097888 /* PersistenceController.swift in Sources */ = {isa = PBXBuildFile; fileRef = 8F4F494E2A7EC30400097888 /* PersistenceController.swift */; };
		8F4F49522A7EC32D00097888 /* (null) in Sources */ = {isa = PBXBuildFile; };
		8F4F495D2A7FB3D400097888 /* SongObject+CoreDataClass.swift in Sources */ = {isa = PBXBuildFile; fileRef = 8F4F495B2A7FB3D400097888 /* SongObject+CoreDataClass.swift */; };
		8F4F495E2A7FB3D400097888 /* SongObject+CoreDataProperties.swift in Sources */ = {isa = PBXBuildFile; fileRef = 8F4F495C2A7FB3D400097888 /* SongObject+CoreDataProperties.swift */; };
		8FC1F4E32A7904EC0043D92A /* MusicPlayer in Frameworks */ = {isa = PBXBuildFile; productRef = 8FC1F4E22A7904EC0043D92A /* MusicPlayer */; };
		8FC1F4E62A7969C70043D92A /* LXMusicPlayer in Frameworks */ = {isa = PBXBuildFile; productRef = 8FC1F4E52A7969C70043D92A /* LXMusicPlayer */; };
		8FC8E9492A704EEB00F69915 /* SpotifyLyricsInMenubarApp.swift in Sources */ = {isa = PBXBuildFile; fileRef = 8FC8E9482A704EEB00F69915 /* SpotifyLyricsInMenubarApp.swift */; };
		8FC8E94D2A704EED00F69915 /* Assets.xcassets in Resources */ = {isa = PBXBuildFile; fileRef = 8FC8E94C2A704EED00F69915 /* Assets.xcassets */; };
		8FC8E9502A704EED00F69915 /* Preview Assets.xcassets in Resources */ = {isa = PBXBuildFile; fileRef = 8FC8E94F2A704EED00F69915 /* Preview Assets.xcassets */; };
		8FF59E2B2A79871D00F0A382 /* lyricsFetcher.swift in Sources */ = {isa = PBXBuildFile; fileRef = 8FF59E2A2A79871D00F0A382 /* lyricsFetcher.swift */; };
		8FF59E2E2A798D2B00F0A382 /* Lyrics.xcdatamodeld in Sources */ = {isa = PBXBuildFile; fileRef = 8FF59E2C2A798D2B00F0A382 /* Lyrics.xcdatamodeld */; };
/* End PBXBuildFile section */

/* Begin PBXFileReference section */
		8F39ED8D2A78EB5900574203 /* lyricJsonStruct.swift */ = {isa = PBXFileReference; lastKnownFileType = sourcecode.swift; path = lyricJsonStruct.swift; sourceTree = "<group>"; };
		8F4F494E2A7EC30400097888 /* PersistenceController.swift */ = {isa = PBXFileReference; fileEncoding = 4; lastKnownFileType = sourcecode.swift; path = PersistenceController.swift; sourceTree = "<group>"; };
		8F4F495B2A7FB3D400097888 /* SongObject+CoreDataClass.swift */ = {isa = PBXFileReference; lastKnownFileType = sourcecode.swift; path = "SongObject+CoreDataClass.swift"; sourceTree = "<group>"; };
		8F4F495C2A7FB3D400097888 /* SongObject+CoreDataProperties.swift */ = {isa = PBXFileReference; lastKnownFileType = sourcecode.swift; path = "SongObject+CoreDataProperties.swift"; sourceTree = "<group>"; };
		8FC8E9452A704EEB00F69915 /* SpotifyLyricsInMenubar.app */ = {isa = PBXFileReference; explicitFileType = wrapper.application; includeInIndex = 0; path = SpotifyLyricsInMenubar.app; sourceTree = BUILT_PRODUCTS_DIR; };
		8FC8E9482A704EEB00F69915 /* SpotifyLyricsInMenubarApp.swift */ = {isa = PBXFileReference; lastKnownFileType = sourcecode.swift; path = SpotifyLyricsInMenubarApp.swift; sourceTree = "<group>"; };
		8FC8E94C2A704EED00F69915 /* Assets.xcassets */ = {isa = PBXFileReference; lastKnownFileType = folder.assetcatalog; path = Assets.xcassets; sourceTree = "<group>"; };
		8FC8E94F2A704EED00F69915 /* Preview Assets.xcassets */ = {isa = PBXFileReference; lastKnownFileType = folder.assetcatalog; path = "Preview Assets.xcassets"; sourceTree = "<group>"; };
		8FC8E9512A704EED00F69915 /* SpotifyLyricsInMenubar.entitlements */ = {isa = PBXFileReference; lastKnownFileType = text.plist.entitlements; path = SpotifyLyricsInMenubar.entitlements; sourceTree = "<group>"; };
		8FF59E2A2A79871D00F0A382 /* lyricsFetcher.swift */ = {isa = PBXFileReference; lastKnownFileType = sourcecode.swift; path = lyricsFetcher.swift; sourceTree = "<group>"; };
		8FF59E2D2A798D2B00F0A382 /* Lyrics.xcdatamodel */ = {isa = PBXFileReference; lastKnownFileType = wrapper.xcdatamodel; path = Lyrics.xcdatamodel; sourceTree = "<group>"; };
/* End PBXFileReference section */

/* Begin PBXFrameworksBuildPhase section */
		8FC8E9422A704EEB00F69915 /* Frameworks */ = {
			isa = PBXFrameworksBuildPhase;
			buildActionMask = 2147483647;
			files = (
				8FC1F4E32A7904EC0043D92A /* MusicPlayer in Frameworks */,
				8FC1F4E62A7969C70043D92A /* LXMusicPlayer in Frameworks */,
			);
			runOnlyForDeploymentPostprocessing = 0;
		};
/* End PBXFrameworksBuildPhase section */

/* Begin PBXGroup section */
		8FC1F4E42A7969C70043D92A /* Frameworks */ = {
			isa = PBXGroup;
			children = (
			);
			name = Frameworks;
			sourceTree = "<group>";
		};
		8FC8E93C2A704EEB00F69915 = {
			isa = PBXGroup;
			children = (
				8F4F495B2A7FB3D400097888 /* SongObject+CoreDataClass.swift */,
				8F4F495C2A7FB3D400097888 /* SongObject+CoreDataProperties.swift */,
				8FC8E9472A704EEB00F69915 /* SpotifyLyricsInMenubar */,
				8FC8E9462A704EEB00F69915 /* Products */,
				8FC1F4E42A7969C70043D92A /* Frameworks */,
			);
			sourceTree = "<group>";
		};
		8FC8E9462A704EEB00F69915 /* Products */ = {
			isa = PBXGroup;
			children = (
				8FC8E9452A704EEB00F69915 /* SpotifyLyricsInMenubar.app */,
			);
			name = Products;
			sourceTree = "<group>";
		};
		8FC8E9472A704EEB00F69915 /* SpotifyLyricsInMenubar */ = {
			isa = PBXGroup;
			children = (
				8FC8E9482A704EEB00F69915 /* SpotifyLyricsInMenubarApp.swift */,
				8FF59E2A2A79871D00F0A382 /* lyricsFetcher.swift */,
				8F4F494E2A7EC30400097888 /* PersistenceController.swift */,
				8FF59E2C2A798D2B00F0A382 /* Lyrics.xcdatamodeld */,
				8F39ED8D2A78EB5900574203 /* lyricJsonStruct.swift */,
				8FC8E94C2A704EED00F69915 /* Assets.xcassets */,
				8FC8E9512A704EED00F69915 /* SpotifyLyricsInMenubar.entitlements */,
				8FC8E94E2A704EED00F69915 /* Preview Content */,
			);
			path = SpotifyLyricsInMenubar;
			sourceTree = "<group>";
		};
		8FC8E94E2A704EED00F69915 /* Preview Content */ = {
			isa = PBXGroup;
			children = (
				8FC8E94F2A704EED00F69915 /* Preview Assets.xcassets */,
			);
			path = "Preview Content";
			sourceTree = "<group>";
		};
/* End PBXGroup section */

/* Begin PBXNativeTarget section */
		8FC8E9442A704EEB00F69915 /* SpotifyLyricsInMenubar */ = {
			isa = PBXNativeTarget;
			buildConfigurationList = 8FC8E9542A704EED00F69915 /* Build configuration list for PBXNativeTarget "SpotifyLyricsInMenubar" */;
			buildPhases = (
				8FC8E9412A704EEB00F69915 /* Sources */,
				8FC8E9422A704EEB00F69915 /* Frameworks */,
				8FC8E9432A704EEB00F69915 /* Resources */,
			);
			buildRules = (
			);
			dependencies = (
			);
			name = SpotifyLyricsInMenubar;
			packageProductDependencies = (
				8FC1F4E22A7904EC0043D92A /* MusicPlayer */,
				8FC1F4E52A7969C70043D92A /* LXMusicPlayer */,
			);
			productName = SpotifyLyricsInMenubar;
			productReference = 8FC8E9452A704EEB00F69915 /* SpotifyLyricsInMenubar.app */;
			productType = "com.apple.product-type.application";
		};
/* End PBXNativeTarget section */

/* Begin PBXProject section */
		8FC8E93D2A704EEB00F69915 /* Project object */ = {
			isa = PBXProject;
			attributes = {
				BuildIndependentTargetsInParallel = 1;
				LastSwiftUpdateCheck = 1500;
				LastUpgradeCheck = 1500;
				TargetAttributes = {
					8FC8E9442A704EEB00F69915 = {
						CreatedOnToolsVersion = 15.0;
					};
				};
			};
			buildConfigurationList = 8FC8E9402A704EEB00F69915 /* Build configuration list for PBXProject "SpotifyLyricsInMenubar" */;
			compatibilityVersion = "Xcode 14.0";
			developmentRegion = en;
			hasScannedForEncodings = 0;
			knownRegions = (
				en,
				Base,
			);
			mainGroup = 8FC8E93C2A704EEB00F69915;
			packageReferences = (
				8FC1F4E12A7904EC0043D92A /* XCRemoteSwiftPackageReference "MusicPlayer" */,
			);
			productRefGroup = 8FC8E9462A704EEB00F69915 /* Products */;
			projectDirPath = "";
			projectRoot = "";
			targets = (
				8FC8E9442A704EEB00F69915 /* SpotifyLyricsInMenubar */,
			);
		};
/* End PBXProject section */

/* Begin PBXResourcesBuildPhase section */
		8FC8E9432A704EEB00F69915 /* Resources */ = {
			isa = PBXResourcesBuildPhase;
			buildActionMask = 2147483647;
			files = (
				8FC8E9502A704EED00F69915 /* Preview Assets.xcassets in Resources */,
				8FC8E94D2A704EED00F69915 /* Assets.xcassets in Resources */,
			);
			runOnlyForDeploymentPostprocessing = 0;
		};
/* End PBXResourcesBuildPhase section */

/* Begin PBXSourcesBuildPhase section */
		8FC8E9412A704EEB00F69915 /* Sources */ = {
			isa = PBXSourcesBuildPhase;
			buildActionMask = 2147483647;
			files = (
				8FF59E2E2A798D2B00F0A382 /* Lyrics.xcdatamodeld in Sources */,
				8F4F49522A7EC32D00097888 /* (null) in Sources */,
				8F4F495D2A7FB3D400097888 /* SongObject+CoreDataClass.swift in Sources */,
				8F39ED8E2A78EB5900574203 /* lyricJsonStruct.swift in Sources */,
				8FF59E2B2A79871D00F0A382 /* lyricsFetcher.swift in Sources */,
				8FC8E9492A704EEB00F69915 /* SpotifyLyricsInMenubarApp.swift in Sources */,
				8F4F494F2A7EC30400097888 /* PersistenceController.swift in Sources */,
				8F4F495E2A7FB3D400097888 /* SongObject+CoreDataProperties.swift in Sources */,
			);
			runOnlyForDeploymentPostprocessing = 0;
		};
/* End PBXSourcesBuildPhase section */

/* Begin XCBuildConfiguration section */
		8FC8E9522A704EED00F69915 /* Debug */ = {
			isa = XCBuildConfiguration;
			buildSettings = {
				ALWAYS_SEARCH_USER_PATHS = NO;
				ASSETCATALOG_COMPILER_GENERATE_SWIFT_ASSET_SYMBOL_EXTENSIONS = YES;
				CLANG_ANALYZER_NONNULL = YES;
				CLANG_ANALYZER_NUMBER_OBJECT_CONVERSION = YES_AGGRESSIVE;
				CLANG_CXX_LANGUAGE_STANDARD = "gnu++20";
				CLANG_ENABLE_MODULES = YES;
				CLANG_ENABLE_OBJC_ARC = YES;
				CLANG_ENABLE_OBJC_WEAK = YES;
				CLANG_WARN_BLOCK_CAPTURE_AUTORELEASING = YES;
				CLANG_WARN_BOOL_CONVERSION = YES;
				CLANG_WARN_COMMA = YES;
				CLANG_WARN_CONSTANT_CONVERSION = YES;
				CLANG_WARN_DEPRECATED_OBJC_IMPLEMENTATIONS = YES;
				CLANG_WARN_DIRECT_OBJC_ISA_USAGE = YES_ERROR;
				CLANG_WARN_DOCUMENTATION_COMMENTS = YES;
				CLANG_WARN_EMPTY_BODY = YES;
				CLANG_WARN_ENUM_CONVERSION = YES;
				CLANG_WARN_INFINITE_RECURSION = YES;
				CLANG_WARN_INT_CONVERSION = YES;
				CLANG_WARN_NON_LITERAL_NULL_CONVERSION = YES;
				CLANG_WARN_OBJC_IMPLICIT_RETAIN_SELF = YES;
				CLANG_WARN_OBJC_LITERAL_CONVERSION = YES;
				CLANG_WARN_OBJC_ROOT_CLASS = YES_ERROR;
				CLANG_WARN_QUOTED_INCLUDE_IN_FRAMEWORK_HEADER = YES;
				CLANG_WARN_RANGE_LOOP_ANALYSIS = YES;
				CLANG_WARN_STRICT_PROTOTYPES = YES;
				CLANG_WARN_SUSPICIOUS_MOVE = YES;
				CLANG_WARN_UNGUARDED_AVAILABILITY = YES_AGGRESSIVE;
				CLANG_WARN_UNREACHABLE_CODE = YES;
				CLANG_WARN__DUPLICATE_METHOD_MATCH = YES;
				COPY_PHASE_STRIP = NO;
				DEBUG_INFORMATION_FORMAT = dwarf;
				ENABLE_STRICT_OBJC_MSGSEND = YES;
				ENABLE_TESTABILITY = YES;
				ENABLE_USER_SCRIPT_SANDBOXING = NO;
				GCC_C_LANGUAGE_STANDARD = gnu17;
				GCC_DYNAMIC_NO_PIC = NO;
				GCC_NO_COMMON_BLOCKS = YES;
				GCC_OPTIMIZATION_LEVEL = 0;
				GCC_PREPROCESSOR_DEFINITIONS = (
					"DEBUG=1",
					"$(inherited)",
				);
				GCC_WARN_64_TO_32_BIT_CONVERSION = YES;
				GCC_WARN_ABOUT_RETURN_TYPE = YES_ERROR;
				GCC_WARN_UNDECLARED_SELECTOR = YES;
				GCC_WARN_UNINITIALIZED_AUTOS = YES_AGGRESSIVE;
				GCC_WARN_UNUSED_FUNCTION = YES;
				GCC_WARN_UNUSED_VARIABLE = YES;
				LOCALIZATION_PREFERS_STRING_CATALOGS = YES;
				MACOSX_DEPLOYMENT_TARGET = 13.4;
				MTL_ENABLE_DEBUG_INFO = INCLUDE_SOURCE;
				MTL_FAST_MATH = YES;
				ONLY_ACTIVE_ARCH = YES;
				SDKROOT = macosx;
				SWIFT_ACTIVE_COMPILATION_CONDITIONS = "DEBUG $(inherited)";
				SWIFT_OPTIMIZATION_LEVEL = "-Onone";
			};
			name = Debug;
		};
		8FC8E9532A704EED00F69915 /* Release */ = {
			isa = XCBuildConfiguration;
			buildSettings = {
				ALWAYS_SEARCH_USER_PATHS = NO;
				ASSETCATALOG_COMPILER_GENERATE_SWIFT_ASSET_SYMBOL_EXTENSIONS = YES;
				CLANG_ANALYZER_NONNULL = YES;
				CLANG_ANALYZER_NUMBER_OBJECT_CONVERSION = YES_AGGRESSIVE;
				CLANG_CXX_LANGUAGE_STANDARD = "gnu++20";
				CLANG_ENABLE_MODULES = YES;
				CLANG_ENABLE_OBJC_ARC = YES;
				CLANG_ENABLE_OBJC_WEAK = YES;
				CLANG_WARN_BLOCK_CAPTURE_AUTORELEASING = YES;
				CLANG_WARN_BOOL_CONVERSION = YES;
				CLANG_WARN_COMMA = YES;
				CLANG_WARN_CONSTANT_CONVERSION = YES;
				CLANG_WARN_DEPRECATED_OBJC_IMPLEMENTATIONS = YES;
				CLANG_WARN_DIRECT_OBJC_ISA_USAGE = YES_ERROR;
				CLANG_WARN_DOCUMENTATION_COMMENTS = YES;
				CLANG_WARN_EMPTY_BODY = YES;
				CLANG_WARN_ENUM_CONVERSION = YES;
				CLANG_WARN_INFINITE_RECURSION = YES;
				CLANG_WARN_INT_CONVERSION = YES;
				CLANG_WARN_NON_LITERAL_NULL_CONVERSION = YES;
				CLANG_WARN_OBJC_IMPLICIT_RETAIN_SELF = YES;
				CLANG_WARN_OBJC_LITERAL_CONVERSION = YES;
				CLANG_WARN_OBJC_ROOT_CLASS = YES_ERROR;
				CLANG_WARN_QUOTED_INCLUDE_IN_FRAMEWORK_HEADER = YES;
				CLANG_WARN_RANGE_LOOP_ANALYSIS = YES;
				CLANG_WARN_STRICT_PROTOTYPES = YES;
				CLANG_WARN_SUSPICIOUS_MOVE = YES;
				CLANG_WARN_UNGUARDED_AVAILABILITY = YES_AGGRESSIVE;
				CLANG_WARN_UNREACHABLE_CODE = YES;
				CLANG_WARN__DUPLICATE_METHOD_MATCH = YES;
				COPY_PHASE_STRIP = NO;
				DEBUG_INFORMATION_FORMAT = "dwarf-with-dsym";
				ENABLE_NS_ASSERTIONS = NO;
				ENABLE_STRICT_OBJC_MSGSEND = YES;
				ENABLE_USER_SCRIPT_SANDBOXING = NO;
				GCC_C_LANGUAGE_STANDARD = gnu17;
				GCC_NO_COMMON_BLOCKS = YES;
				GCC_WARN_64_TO_32_BIT_CONVERSION = YES;
				GCC_WARN_ABOUT_RETURN_TYPE = YES_ERROR;
				GCC_WARN_UNDECLARED_SELECTOR = YES;
				GCC_WARN_UNINITIALIZED_AUTOS = YES_AGGRESSIVE;
				GCC_WARN_UNUSED_FUNCTION = YES;
				GCC_WARN_UNUSED_VARIABLE = YES;
				LOCALIZATION_PREFERS_STRING_CATALOGS = YES;
				MACOSX_DEPLOYMENT_TARGET = 13.4;
				MTL_ENABLE_DEBUG_INFO = NO;
				MTL_FAST_MATH = YES;
				SDKROOT = macosx;
				SWIFT_COMPILATION_MODE = wholemodule;
			};
			name = Release;
		};
		8FC8E9552A704EED00F69915 /* Debug */ = {
			isa = XCBuildConfiguration;
			buildSettings = {
				ASSETCATALOG_COMPILER_APPICON_NAME = AppIcon;
				ASSETCATALOG_COMPILER_GLOBAL_ACCENT_COLOR_NAME = AccentColor;
				CODE_SIGN_ENTITLEMENTS = SpotifyLyricsInMenubar/SpotifyLyricsInMenubar.entitlements;
				CODE_SIGN_STYLE = Automatic;
				COMBINE_HIDPI_IMAGES = YES;
				CURRENT_PROJECT_VERSION = 1;
				DEVELOPMENT_ASSET_PATHS = "\"SpotifyLyricsInMenubar/Preview Content\"";
				DEVELOPMENT_TEAM = 38TP6LZLJ5;
				ENABLE_HARDENED_RUNTIME = YES;
				ENABLE_PREVIEWS = YES;
				GENERATE_INFOPLIST_FILE = YES;
				INFOPLIST_KEY_LSUIElement = YES;
				INFOPLIST_KEY_NSHumanReadableCopyright = "";
				LD_RUNPATH_SEARCH_PATHS = (
					"$(inherited)",
					"@executable_path/../Frameworks",
				);
				MARKETING_VERSION = 1.0;
				PRODUCT_BUNDLE_IDENTIFIER = com.aviwadhwa.SpotifyLyricsInMenubar;
				PRODUCT_NAME = "$(TARGET_NAME)";
				SWIFT_EMIT_LOC_STRINGS = YES;
				SWIFT_VERSION = 5.0;
			};
			name = Debug;
		};
		8FC8E9562A704EED00F69915 /* Release */ = {
			isa = XCBuildConfiguration;
			buildSettings = {
				ASSETCATALOG_COMPILER_APPICON_NAME = AppIcon;
				ASSETCATALOG_COMPILER_GLOBAL_ACCENT_COLOR_NAME = AccentColor;
				CODE_SIGN_ENTITLEMENTS = SpotifyLyricsInMenubar/SpotifyLyricsInMenubar.entitlements;
				CODE_SIGN_STYLE = Automatic;
				COMBINE_HIDPI_IMAGES = YES;
				CURRENT_PROJECT_VERSION = 1;
				DEVELOPMENT_ASSET_PATHS = "\"SpotifyLyricsInMenubar/Preview Content\"";
				DEVELOPMENT_TEAM = 38TP6LZLJ5;
				ENABLE_HARDENED_RUNTIME = YES;
				ENABLE_PREVIEWS = YES;
				GENERATE_INFOPLIST_FILE = YES;
				INFOPLIST_KEY_LSUIElement = YES;
				INFOPLIST_KEY_NSHumanReadableCopyright = "";
				LD_RUNPATH_SEARCH_PATHS = (
					"$(inherited)",
					"@executable_path/../Frameworks",
				);
				MARKETING_VERSION = 1.0;
				PRODUCT_BUNDLE_IDENTIFIER = com.aviwadhwa.SpotifyLyricsInMenubar;
				PRODUCT_NAME = "$(TARGET_NAME)";
				SWIFT_EMIT_LOC_STRINGS = YES;
				SWIFT_VERSION = 5.0;
			};
			name = Release;
		};
/* End XCBuildConfiguration section */

/* Begin XCConfigurationList section */
		8FC8E9402A704EEB00F69915 /* Build configuration list for PBXProject "SpotifyLyricsInMenubar" */ = {
			isa = XCConfigurationList;
			buildConfigurations = (
				8FC8E9522A704EED00F69915 /* Debug */,
				8FC8E9532A704EED00F69915 /* Release */,
			);
			defaultConfigurationIsVisible = 0;
			defaultConfigurationName = Release;
		};
		8FC8E9542A704EED00F69915 /* Build configuration list for PBXNativeTarget "SpotifyLyricsInMenubar" */ = {
			isa = XCConfigurationList;
			buildConfigurations = (
				8FC8E9552A704EED00F69915 /* Debug */,
				8FC8E9562A704EED00F69915 /* Release */,
			);
			defaultConfigurationIsVisible = 0;
			defaultConfigurationName = Release;
		};
/* End XCConfigurationList section */

/* Begin XCRemoteSwiftPackageReference section */
		8FC1F4E12A7904EC0043D92A /* XCRemoteSwiftPackageReference "MusicPlayer" */ = {
			isa = XCRemoteSwiftPackageReference;
			repositoryURL = "https://github.com/ddddxxx/MusicPlayer";
			requirement = {
				branch = master;
				kind = branch;
			};
		};
/* End XCRemoteSwiftPackageReference section */

/* Begin XCSwiftPackageProductDependency section */
		8FC1F4E22A7904EC0043D92A /* MusicPlayer */ = {
			isa = XCSwiftPackageProductDependency;
			package = 8FC1F4E12A7904EC0043D92A /* XCRemoteSwiftPackageReference "MusicPlayer" */;
			productName = MusicPlayer;
		};
		8FC1F4E52A7969C70043D92A /* LXMusicPlayer */ = {
			isa = XCSwiftPackageProductDependency;
			package = 8FC1F4E12A7904EC0043D92A /* XCRemoteSwiftPackageReference "MusicPlayer" */;
			productName = LXMusicPlayer;
		};
/* End XCSwiftPackageProductDependency section */

/* Begin XCVersionGroup section */
		8FF59E2C2A798D2B00F0A382 /* Lyrics.xcdatamodeld */ = {
			isa = XCVersionGroup;
			children = (
				8FF59E2D2A798D2B00F0A382 /* Lyrics.xcdatamodel */,
			);
			currentVersion = 8FF59E2D2A798D2B00F0A382 /* Lyrics.xcdatamodel */;
			path = Lyrics.xcdatamodeld;
			sourceTree = "<group>";
			versionGroupType = wrapper.xcdatamodel;
		};
/* End XCVersionGroup section */
	};
	rootObject = 8FC8E93D2A704EEB00F69915 /* Project object */;
}
