{
  "pins" : [
    {
      "identity" : "amplitude-swift",
      "kind" : "remoteSourceControl",
      "location" : "https://github.com/amplitude/Amplitude-Swift",
      "state" : {
        "branch" : "main",
        "revision" : "903429a123aa039514720fbca9202275fccfb9fd"
      }
    }
  ],
  "version" : 2
}
